
Microsoft Visual Studio Solution File, Format Version 12.00
# Visual Studio 2017
Project("{FAE04EC0-301F-11D3-BF4B-00C04F79EFBC}") = "HackaAR2", "HackaAR2.csproj", "{51FD754F-1B9F-ABEF-C4F9-824C91283200}"
EndProject
Project("{FAE04EC0-301F-11D3-BF4B-00C04F79EFBC}") = "HackaAR2.Editor", "HackaAR2.Editor.csproj", "{38DA6C18-C204-59C9-7910-F7225C7B8E84}"
EndProject
Global
	GlobalSection(SolutionConfigurationPlatforms) = preSolution
		Debug|Any CPU = Debug|Any CPU
		Release|Any CPU = Release|Any CPU
	EndGlobalSection
	GlobalSection(ProjectConfigurationPlatforms) = postSolution
		{51FD754F-1B9F-ABEF-C4F9-824C91283200}.Debug|Any CPU.ActiveCfg = Debug|Any CPU
		{51FD754F-1B9F-ABEF-C4F9-824C91283200}.Debug|Any CPU.Build.0 = Debug|Any CPU
		{51FD754F-1B9F-ABEF-C4F9-824C91283200}.Release|Any CPU.ActiveCfg = Release|Any CPU
		{51FD754F-1B9F-ABEF-C4F9-824C91283200}.Release|Any CPU.Build.0 = Release|Any CPU
		{38DA6C18-C204-59C9-7910-F7225C7B8E84}.Debug|Any CPU.ActiveCfg = Debug|Any CPU
		{38DA6C18-C204-59C9-7910-F7225C7B8E84}.Debug|Any CPU.Build.0 = Debug|Any CPU
		{38DA6C18-C204-59C9-7910-F7225C7B8E84}.Release|Any CPU.ActiveCfg = Release|Any CPU
		{38DA6C18-C204-59C9-7910-F7225C7B8E84}.Release|Any CPU.Build.0 = Release|Any CPU
	EndGlobalSection
	GlobalSection(SolutionProperties) = preSolution
		HideSolutionNode = FALSE
	EndGlobalSection
EndGlobal
